github.com/dgrijalva/jwt-go v3.2.0+incompatible h1:7qlOGliEKZXTDg6OTjfoBKDXWrumCAMpl/TFQ4/5kLM=
github.com/dgrijalva/jwt-go v3.2.0+incompatible/go.mod h1:E3ru+11k8xSBh+hMPgOLZmtrrCbhqsmaPHjLKYnJCaQ=
github.com/scaleway/scaleway-functions-go v0.0.0-20190902123854-d4d96fd0fc1e h1:QxWzurAt2+MIvvnS6Cieto4MeT0P66i0bfZqaDYvX0A=
github.com/scaleway/scaleway-functions-go v0.0.0-20190902123854-d4d96fd0fc1e/go.mod h1:bpwyJakDwy3vzlVI6EydCG3uK50TrH46S65+bfTRAfM=
github.com/scaleway/scaleway-functions-go v0.0.0-20190909203341-57acb56bff6f h1:QStiPg23j7DMvzX2mO13LiDKDhDCgTPLeICnNb11Brg=
github.com/scaleway/scaleway-functions-go v0.0.0-20190909203341-57acb56bff6f/go.mod h1:bpwyJakDwy3vzlVI6EydCG3uK50TrH46S65+bfTRAfM=
