# This file is autogenerated, do not edit; changes may be undone by the next 'dep ensure'.


[[projects]]
  branch = "master"
  name = "gitlab.infra.online.net/paas/scaleway-functions-go"
  packages = [
    "events",
    "lambda",
    "lambda/handlertrace",
    "lambda/messages",
    "lambdacontext"
  ]
  revision = "627460bb686a6bbc48562ba97f70d13c2cf272e9"

[solve-meta]
  analyzer-name = "dep"
  analyzer-version = 1
  inputs-digest = "43077f9f965a55a59d03d8b5f8753adc1f42bcc98ff5c4ea119918eed4b3d0c2"
  solver-name = "gps-cdcl"
  solver-version = 1
