# This file is autogenerated, do not edit; changes may be undone by the next 'dep ensure'.


[[projects]]
  branch = "master"
  digest = "1:fb21b671b27f27cd895678d74a57dec2bf7c27470118cc5c47839477bc6388e9"
  name = "github.com/scaleway/scaleway-functions-go"
  packages = [
    "events",
    "lambda",
  ]
  pruneopts = "UT"
  revision = "e550fb379304786e34ad93c8d466f0d55151d3a8"

[solve-meta]
  analyzer-name = "dep"
  analyzer-version = 1
  input-imports = [
    "github.com/scaleway/scaleway-functions-go/events",
    "github.com/scaleway/scaleway-functions-go/lambda",
  ]
  solver-name = "gps-cdcl"
  solver-version = 1
